
Microsoft Visual Studio Solution File, Format Version 12.00
Project("{FAE04EC0-301F-11D3-BF4B-00C04F79EFBC}") = "EOG.AppHost", "EOG.AppHost\EOG.AppHost.csproj", "{DE92B091-6629-43F3-A9E8-38440BD316C0}"
EndProject
Project("{FAE04EC0-301F-11D3-BF4B-00C04F79EFBC}") = "EOG.Api", "EOG.Api\EOG.Api.csproj", "{C9D727A8-8FF8-45BB-9F9A-541973FA57DC}"
EndProject
Global
	GlobalSection(SolutionConfigurationPlatforms) = preSolution
		Debug|Any CPU = Debug|Any CPU
		Release|Any CPU = Release|Any CPU
	EndGlobalSection
	GlobalSection(ProjectConfigurationPlatforms) = postSolution
		{DE92B091-6629-43F3-A9E8-38440BD316C0}.Debug|Any CPU.ActiveCfg = Debug|Any CPU
		{DE92B091-6629-43F3-A9E8-38440BD316C0}.Debug|Any CPU.Build.0 = Debug|Any CPU
		{DE92B091-6629-43F3-A9E8-38440BD316C0}.Release|Any CPU.ActiveCfg = Release|Any CPU
		{DE92B091-6629-43F3-A9E8-38440BD316C0}.Release|Any CPU.Build.0 = Release|Any CPU
		{C9D727A8-8FF8-45BB-9F9A-541973FA57DC}.Debug|Any CPU.ActiveCfg = Debug|Any CPU
		{C9D727A8-8FF8-45BB-9F9A-541973FA57DC}.Debug|Any CPU.Build.0 = Debug|Any CPU
		{C9D727A8-8FF8-45BB-9F9A-541973FA57DC}.Release|Any CPU.ActiveCfg = Release|Any CPU
		{C9D727A8-8FF8-45BB-9F9A-541973FA57DC}.Release|Any CPU.Build.0 = Release|Any CPU
	EndGlobalSection
EndGlobal
